<?xml version="1.0" encoding="utf-8"?>
<Project ToolsVersion="4.0" xmlns="http://schemas.microsoft.com/developer/msbuild/2003">
  <ItemGroup>
    <Filter Include="Source Files">
      <UniqueIdentifier>{4FC737F1-C7A5-4376-A066-2A32D752A2FF}</UniqueIdentifier>
      <Extensions>cpp;c;cc;cxx;def;odl;idl;hpj;bat;asm;asmx</Extensions>
    </Filter>
    <Filter Include="Header Files">
      <UniqueIdentifier>{93995380-89BD-4b04-88EB-625FBE52EBFB}</UniqueIdentifier>
      <Extensions>h;hpp;hxx;hm;inl;inc;xsd</Extensions>
    </Filter>
    <Filter Include="Resource Files">
      <UniqueIdentifier>{67DA6AB6-F800-4c08-8B7A-83BB121AAD01}</UniqueIdentifier>
      <Extensions>rc;ico;cur;bmp;dlg;rc2;rct;bin;rgs;gif;jpg;jpeg;jpe;resx;tiff;tif;png;wav</Extensions>
    </Filter>
    <Filter Include="StructuredLight">
      <UniqueIdentifier>{06ad5d42-3491-4946-af3d-15c455796e5d}</UniqueIdentifier>
    </Filter>
  </ItemGroup>
  <ItemGroup>
    <ClCompile Include="Scanner3dLib\Camera.cpp">
      <Filter>Source Files</Filter>
    </ClCompile>
    <ClCompile Include="Scanner3dLib\CameraCalibration.cpp">
      <Filter>Source Files</Filter>
    </ClCompile>
    <ClCompile Include="Scanner3dLib\Color.cpp">
      <Filter>Source Files</Filter>
    </ClCompile>
    <ClCompile Include="Scanner3d\DibFromIplImage.cpp">
      <Filter>Source Files</Filter>
    </ClCompile>
    <ClCompile Include="Scanner3d\dlgCameraCalibration.cpp">
      <Filter>Source Files</Filter>
    </ClCompile>
    <ClCompile Include="Scanner3d\dlgCornerConfig.cpp">
      <Filter>Source Files</Filter>
    </ClCompile>
    <ClCompile Include="Scanner3d\dlgPostProcess.cpp">
      <Filter>Source Files</Filter>
    </ClCompile>
    <ClCompile Include="Scanner3d\dlgSingleConfig.cpp">
      <Filter>Source Files</Filter>
    </ClCompile>
    <ClCompile Include="Scanner3dLib\ImProc.cpp">
      <Filter>Source Files</Filter>
    </ClCompile>
    <ClCompile Include="Scanner3dLib\LeastSquares.cpp">
      <Filter>Source Files</Filter>
    </ClCompile>
    <ClCompile Include="Scanner3dLib\Log.cpp">
      <Filter>Source Files</Filter>
    </ClCompile>
    <ClCompile Include="Scanner3dLib\Math3d.cpp">
      <Filter>Source Files</Filter>
    </ClCompile>
    <ClCompile Include="Scanner3dLib\plane.cpp">
      <Filter>Source Files</Filter>
    </ClCompile>
    <ClCompile Include="Scanner3dLib\Point3d.cpp">
      <Filter>Source Files</Filter>
    </ClCompile>
    <ClCompile Include="Scanner3dLib\PostProcessor.cpp">
      <Filter>Source Files</Filter>
    </ClCompile>
    <ClCompile Include="Scanner3dLib\RTUtil.cpp">
      <Filter>Source Files</Filter>
    </ClCompile>
    <ClCompile Include="Scanner3d\Scanner3d.cpp">
      <Filter>Source Files</Filter>
    </ClCompile>
    <ClCompile Include="Scanner3d\Scanner3dDlg.cpp">
      <Filter>Source Files</Filter>
    </ClCompile>
    <ClCompile Include="Scanner3dLib\scanner3dlib.cpp">
      <Filter>Source Files</Filter>
    </ClCompile>
    <ClCompile Include="Scanner3dLib\ScannerAlg.cpp">
      <Filter>Source Files</Filter>
    </ClCompile>
    <ClCompile Include="Scanner3dLib\ScannerAlgCorner.cpp">
      <Filter>Source Files</Filter>
    </ClCompile>
    <ClCompile Include="Scanner3dLib\ScannerAlgSingle.cpp">
      <Filter>Source Files</Filter>
    </ClCompile>
    <ClCompile Include="Scanner3dLib\ScannerConfig.cpp">
      <Filter>Source Files</Filter>
    </ClCompile>
    <ClCompile Include="Scanner3dLib\ScannerConfigCorner.cpp">
      <Filter>Source Files</Filter>
    </ClCompile>
    <ClCompile Include="Scanner3dLib\ScannerConfigSingle.cpp">
      <Filter>Source Files</Filter>
    </ClCompile>
    <ClCompile Include="Scanner3dLib\ScannerFrame.cpp">
      <Filter>Source Files</Filter>
    </ClCompile>
    <ClCompile Include="Scanner3d\stdafx.cpp">
      <Filter>Source Files</Filter>
    </ClCompile>
    <ClCompile Include="StructuredLight\cvCalibrateProCam.cpp">
      <Filter>StructuredLight</Filter>
    </ClCompile>
    <ClCompile Include="StructuredLight\cvScanProCam.cpp">
      <Filter>StructuredLight</Filter>
    </ClCompile>
    <ClCompile Include="StructuredLight\cvStructuredLight.cpp">
      <Filter>StructuredLight</Filter>
    </ClCompile>
    <ClCompile Include="StructuredLight\cvUtilProCam.cpp">
      <Filter>StructuredLight</Filter>
    </ClCompile>
  </ItemGroup>
  <ItemGroup>
    <ClInclude Include="Scanner3dLib\Camera.h">
      <Filter>Header Files</Filter>
    </ClInclude>
    <ClInclude Include="Scanner3dLib\CameraCalibration.h">
      <Filter>Header Files</Filter>
    </ClInclude>
    <ClInclude Include="Scanner3dLib\Color.h">
      <Filter>Header Files</Filter>
    </ClInclude>
    <ClInclude Include="Scanner3dLib\DELAUNAY.HPP">
      <Filter>Header Files</Filter>
    </ClInclude>
    <ClInclude Include="Scanner3d\DibFromIplImage.h">
      <Filter>Header Files</Filter>
    </ClInclude>
    <ClInclude Include="Scanner3d\dlgCameraCalibration.h">
      <Filter>Header Files</Filter>
    </ClInclude>
    <ClInclude Include="Scanner3d\dlgCornerConfig.h">
      <Filter>Header Files</Filter>
    </ClInclude>
    <ClInclude Include="Scanner3d\dlgPostProcess.h">
      <Filter>Header Files</Filter>
    </ClInclude>
    <ClInclude Include="Scanner3d\dlgSingleConfig.h">
      <Filter>Header Files</Filter>
    </ClInclude>
    <ClInclude Include="Scanner3dLib\ImProc.h">
      <Filter>Header Files</Filter>
    </ClInclude>
    <ClInclude Include="Scanner3dLib\LeastSquares.h">
      <Filter>Header Files</Filter>
    </ClInclude>
    <ClInclude Include="Scanner3dLib\ListItem.h">
      <Filter>Header Files</Filter>
    </ClInclude>
    <ClInclude Include="Scanner3dLib\Log.h">
      <Filter>Header Files</Filter>
    </ClInclude>
    <ClInclude Include="Scanner3dLib\Math3d.h">
      <Filter>Header Files</Filter>
    </ClInclude>
    <ClInclude Include="Scanner3dLib\PLANE.H">
      <Filter>Header Files</Filter>
    </ClInclude>
    <ClInclude Include="Scanner3dLib\Point3d.hpp">
      <Filter>Header Files</Filter>
    </ClInclude>
    <ClInclude Include="Scanner3dLib\PostProcessor.h">
      <Filter>Header Files</Filter>
    </ClInclude>
    <ClInclude Include="Scanner3d\resource.h">
      <Filter>Header Files</Filter>
    </ClInclude>
    <ClInclude Include="Scanner3dLib\RTUtil.hpp">
      <Filter>Header Files</Filter>
    </ClInclude>
    <ClInclude Include="Scanner3d\Scanner3d.h">
      <Filter>Header Files</Filter>
    </ClInclude>
    <ClInclude Include="Scanner3d\Scanner3dDlg.h">
      <Filter>Header Files</Filter>
    </ClInclude>
    <ClInclude Include="Scanner3dLib\scanner3dlib.h">
      <Filter>Header Files</Filter>
    </ClInclude>
    <ClInclude Include="Scanner3dLib\ScannerAlg.h">
      <Filter>Header Files</Filter>
    </ClInclude>
    <ClInclude Include="Scanner3dLib\ScannerAlgCorner.h">
      <Filter>Header Files</Filter>
    </ClInclude>
    <ClInclude Include="Scanner3dLib\ScannerAlgSingle.h">
      <Filter>Header Files</Filter>
    </ClInclude>
    <ClInclude Include="Scanner3dLib\ScannerConfig.h">
      <Filter>Header Files</Filter>
    </ClInclude>
    <ClInclude Include="Scanner3dLib\ScannerConfigCorner.h">
      <Filter>Header Files</Filter>
    </ClInclude>
    <ClInclude Include="Scanner3dLib\ScannerConfigSingle.h">
      <Filter>Header Files</Filter>
    </ClInclude>
    <ClInclude Include="Scanner3dLib\ScannerFrame.h">
      <Filter>Header Files</Filter>
    </ClInclude>
    <ClInclude Include="Scanner3d\stdafx.h">
      <Filter>Header Files</Filter>
    </ClInclude>
    <ClInclude Include="Scanner3dLib\Vector3d.hpp">
      <Filter>Header Files</Filter>
    </ClInclude>
    <ClInclude Include="StructuredLight\cvCalibrateProCam.h">
      <Filter>StructuredLight</Filter>
    </ClInclude>
    <ClInclude Include="StructuredLight\cvScanProCam.h">
      <Filter>StructuredLight</Filter>
    </ClInclude>
    <ClInclude Include="StructuredLight\cvStructuredLight.h">
      <Filter>StructuredLight</Filter>
    </ClInclude>
    <ClInclude Include="StructuredLight\cvUtilProCam.h">
      <Filter>StructuredLight</Filter>
    </ClInclude>
  </ItemGroup>
  <ItemGroup>
    <None Include="Scanner3d\res\Scanner3d.ico">
      <Filter>Resource Files</Filter>
    </None>
    <None Include="Scanner3d\Scanner3d.ico">
      <Filter>Resource Files</Filter>
    </None>
    <None Include="Notes.txt" />
  </ItemGroup>
  <ItemGroup>
    <ResourceCompile Include="Scanner3d\Scanner3d.rc">
      <Filter>Resource Files</Filter>
    </ResourceCompile>
  </ItemGroup>
</Project>