
Microsoft Visual Studio Solution File, Format Version 11.00
# Visual Studio 2010
Project("{8BC9CEB8-8B4A-11D0-8D11-00A0C91BC942}") = "MultiScan", "MultiScan.vcxproj", "{F6CDEB6C-62D4-4BB6-9138-63C60436C375}"
EndProject
Global
	GlobalSection(SolutionConfigurationPlatforms) = preSolution
		Debug|Win32 = Debug|Win32
		Release|Win32 = Release|Win32
	EndGlobalSection
	GlobalSection(ProjectConfigurationPlatforms) = postSolution
		{F6CDEB6C-62D4-4BB6-9138-63C60436C375}.Debug|Win32.ActiveCfg = Debug|Win32
		{F6CDEB6C-62D4-4BB6-9138-63C60436C375}.Debug|Win32.Build.0 = Debug|Win32
		{F6CDEB6C-62D4-4BB6-9138-63C60436C375}.Release|Win32.ActiveCfg = Release|Win32
		{F6CDEB6C-62D4-4BB6-9138-63C60436C375}.Release|Win32.Build.0 = Release|Win32
	EndGlobalSection
	GlobalSection(SolutionProperties) = preSolution
		HideSolutionNode = FALSE
	EndGlobalSection
EndGlobal
